
Microsoft Visual Studio Solution File, Format Version 12.00
# Visual Studio 15
VisualStudioVersion = 15.0.28307.705
MinimumVisualStudioVersion = 10.0.40219.1
Project("{FAE04EC0-301F-11D3-BF4B-00C04F79EFBC}") = "Delegates", "Delegates\Delegates.csproj", "{0F768739-5944-4D84-BD32-C529DBBEF44E}"
EndProject
Global
	GlobalSection(SolutionConfigurationPlatforms) = preSolution
		Debug|Any CPU = Debug|Any CPU
		Release|Any CPU = Release|Any CPU
	EndGlobalSection
	GlobalSection(ProjectConfigurationPlatforms) = postSolution
		{0F768739-5944-4D84-BD32-C529DBBEF44E}.Debug|Any CPU.ActiveCfg = Debug|Any CPU
		{0F768739-5944-4D84-BD32-C529DBBEF44E}.Debug|Any CPU.Build.0 = Debug|Any CPU
		{0F768739-5944-4D84-BD32-C529DBBEF44E}.Release|Any CPU.ActiveCfg = Release|Any CPU
		{0F768739-5944-4D84-BD32-C529DBBEF44E}.Release|Any CPU.Build.0 = Release|Any CPU
	EndGlobalSection
	GlobalSection(SolutionProperties) = preSolution
		HideSolutionNode = FALSE
	EndGlobalSection
	GlobalSection(ExtensibilityGlobals) = postSolution
		SolutionGuid = {54B63EF8-05F9-4A3C-8B30-A9087E867356}
	EndGlobalSection
EndGlobal
