
Microsoft Visual Studio Solution File, Format Version 12.00
# Visual Studio 15
VisualStudioVersion = 15.0.28307.705
MinimumVisualStudioVersion = 10.0.40219.1
Project("{FAE04EC0-301F-11D3-BF4B-00C04F79EFBC}") = "ExpressoesLambda", "ExpressoesLambda\ExpressoesLambda.csproj", "{8CFF7CC0-AE6A-44B2-AA4C-B486ECAC85FD}"
EndProject
Global
	GlobalSection(SolutionConfigurationPlatforms) = preSolution
		Debug|Any CPU = Debug|Any CPU
		Release|Any CPU = Release|Any CPU
	EndGlobalSection
	GlobalSection(ProjectConfigurationPlatforms) = postSolution
		{8CFF7CC0-AE6A-44B2-AA4C-B486ECAC85FD}.Debug|Any CPU.ActiveCfg = Debug|Any CPU
		{8CFF7CC0-AE6A-44B2-AA4C-B486ECAC85FD}.Debug|Any CPU.Build.0 = Debug|Any CPU
		{8CFF7CC0-AE6A-44B2-AA4C-B486ECAC85FD}.Release|Any CPU.ActiveCfg = Release|Any CPU
		{8CFF7CC0-AE6A-44B2-AA4C-B486ECAC85FD}.Release|Any CPU.Build.0 = Release|Any CPU
	EndGlobalSection
	GlobalSection(SolutionProperties) = preSolution
		HideSolutionNode = FALSE
	EndGlobalSection
	GlobalSection(ExtensibilityGlobals) = postSolution
		SolutionGuid = {B27F6BBB-EF4B-4524-8BCC-4EAA0B8D9403}
	EndGlobalSection
EndGlobal
